
Microsoft Visual Studio Solution File, Format Version 12.00
# Visual Studio Version 17
VisualStudioVersion = 17.6.33712.159
MinimumVisualStudioVersion = 10.0.40219.1
Project("{9A19103F-16F7-4668-BE54-9A1E7A4F7556}") = "SimpleMediaPlayer", "SimpleMediaPlayer\SimpleMediaPlayer.csproj", "{75D8937E-57F0-40A0-BD30-42D79F2E051F}"
EndProject
Global
	GlobalSection(SolutionConfigurationPlatforms) = preSolution
		Debug|Any CPU = Debug|Any CPU
		Debug|x64 = Debug|x64
		Release|Any CPU = Release|Any CPU
		Release|x64 = Release|x64
	EndGlobalSection
	GlobalSection(ProjectConfigurationPlatforms) = postSolution
		{75D8937E-57F0-40A0-BD30-42D79F2E051F}.Debug|Any CPU.ActiveCfg = Debug|Any CPU
		{75D8937E-57F0-40A0-BD30-42D79F2E051F}.Debug|Any CPU.Build.0 = Debug|Any CPU
		{75D8937E-57F0-40A0-BD30-42D79F2E051F}.Debug|x64.ActiveCfg = Debug|x64
		{75D8937E-57F0-40A0-BD30-42D79F2E051F}.Debug|x64.Build.0 = Debug|x64
		{75D8937E-57F0-40A0-BD30-42D79F2E051F}.Release|Any CPU.ActiveCfg = Release|Any CPU
		{75D8937E-57F0-40A0-BD30-42D79F2E051F}.Release|Any CPU.Build.0 = Release|Any CPU
		{75D8937E-57F0-40A0-BD30-42D79F2E051F}.Release|x64.ActiveCfg = Release|x64
		{75D8937E-57F0-40A0-BD30-42D79F2E051F}.Release|x64.Build.0 = Release|x64
	EndGlobalSection
	GlobalSection(SolutionProperties) = preSolution
		HideSolutionNode = FALSE
	EndGlobalSection
	GlobalSection(ExtensibilityGlobals) = postSolution
		SolutionGuid = {7ED22260-83BB-480B-BC0B-85D0C372AA08}
	EndGlobalSection
EndGlobal
